
Microsoft Visual Studio Solution File, Format Version 12.00
# Visual Studio Version 16
VisualStudioVersion = 16.0.30114.105
MinimumVisualStudioVersion = 10.0.40219.1
Project("{FAE04EC0-301F-11D3-BF4B-00C04F79EFBC}") = "leaveQuote", "leaveQuote\leaveQuote.csproj", "{46BA39FD-E721-4837-936C-009B4BF54673}"
EndProject
Global
	GlobalSection(SolutionConfigurationPlatforms) = preSolution
		Debug|Any CPU = Debug|Any CPU
		Release|Any CPU = Release|Any CPU
	EndGlobalSection
	GlobalSection(ProjectConfigurationPlatforms) = postSolution
		{46BA39FD-E721-4837-936C-009B4BF54673}.Debug|Any CPU.ActiveCfg = Debug|Any CPU
		{46BA39FD-E721-4837-936C-009B4BF54673}.Debug|Any CPU.Build.0 = Debug|Any CPU
		{46BA39FD-E721-4837-936C-009B4BF54673}.Release|Any CPU.ActiveCfg = Release|Any CPU
		{46BA39FD-E721-4837-936C-009B4BF54673}.Release|Any CPU.Build.0 = Release|Any CPU
	EndGlobalSection
	GlobalSection(SolutionProperties) = preSolution
		HideSolutionNode = FALSE
	EndGlobalSection
	GlobalSection(ExtensibilityGlobals) = postSolution
		SolutionGuid = {8B76DA73-7403-4B0C-BE8F-D90D0A4C5FAD}
	EndGlobalSection
EndGlobal
